
Microsoft Visual Studio Solution File, Format Version 12.00
# Visual Studio 14
VisualStudioVersion = 14.0.25420.1
MinimumVisualStudioVersion = 10.0.40219.1
Project("{FAE04EC0-301F-11D3-BF4B-00C04F79EFBC}") = "Server", "Server\Server.csproj", "{74341425-60E5-48DF-AD1D-0CF0106D23F2}"
EndProject
Project("{FAE04EC0-301F-11D3-BF4B-00C04F79EFBC}") = "WPFClient", "WPFClient\WPFClient.csproj", "{A6AA0031-880C-4876-8953-4F94477DEBA1}"
EndProject
Global
	GlobalSection(SolutionConfigurationPlatforms) = preSolution
		Debug|Any CPU = Debug|Any CPU
		Release|Any CPU = Release|Any CPU
	EndGlobalSection
	GlobalSection(ProjectConfigurationPlatforms) = postSolution
		{74341425-60E5-48DF-AD1D-0CF0106D23F2}.Debug|Any CPU.ActiveCfg = Debug|Any CPU
		{74341425-60E5-48DF-AD1D-0CF0106D23F2}.Debug|Any CPU.Build.0 = Debug|Any CPU
		{74341425-60E5-48DF-AD1D-0CF0106D23F2}.Release|Any CPU.ActiveCfg = Release|Any CPU
		{74341425-60E5-48DF-AD1D-0CF0106D23F2}.Release|Any CPU.Build.0 = Release|Any CPU
		{A6AA0031-880C-4876-8953-4F94477DEBA1}.Debug|Any CPU.ActiveCfg = Debug|Any CPU
		{A6AA0031-880C-4876-8953-4F94477DEBA1}.Debug|Any CPU.Build.0 = Debug|Any CPU
		{A6AA0031-880C-4876-8953-4F94477DEBA1}.Release|Any CPU.ActiveCfg = Release|Any CPU
		{A6AA0031-880C-4876-8953-4F94477DEBA1}.Release|Any CPU.Build.0 = Release|Any CPU
	EndGlobalSection
	GlobalSection(SolutionProperties) = preSolution
		HideSolutionNode = FALSE
	EndGlobalSection
EndGlobal
